// !$*UTF8*$!
{
	archiveVersion = 1;
	classes = {
	};
	objectVersion = 50;
	objects = {

/* Begin PBXBuildFile section */
		16786D3A21AB318400735DF3 /* AppDelegate.m in Sources */ = {isa = PBXBuildFile; fileRef = 16786D3921AB318400735DF3 /* AppDelegate.m */; };
		16786D3D21AB318400735DF3 /* ViewController.m in Sources */ = {isa = PBXBuildFile; fileRef = 16786D3C21AB318400735DF3 /* ViewController.m */; };
		16786D4021AB318400735DF3 /* Main.storyboard in Resources */ = {isa = PBXBuildFile; fileRef = 16786D3E21AB318400735DF3 /* Main.storyboard */; };
		16786D4221AB318500735DF3 /* Assets.xcassets in Resources */ = {isa = PBXBuildFile; fileRef = 16786D4121AB318500735DF3 /* Assets.xcassets */; };
		16786D4521AB318500735DF3 /* LaunchScreen.storyboard in Resources */ = {isa = PBXBuildFile; fileRef = 16786D4321AB318500735DF3 /* LaunchScreen.storyboard */; };
		16786D4821AB318500735DF3 /* main.m in Sources */ = {isa = PBXBuildFile; fileRef = 16786D4721AB318500735DF3 /* main.m */; };
		16786D5021AB32D500735DF3 /* SpeechRecognitionWithSwift.swift in Sources */ = {isa = PBXBuildFile; fileRef = 16786D4F21AB32D500735DF3 /* SpeechRecognitionWithSwift.swift */; };
/* End PBXBuildFile section */

/* Begin PBXFileReference section */
		16786D3521AB318400735DF3 /* ObjectiveSpeechExample.app */ = {isa = PBXFileReference; explicitFileType = wrapper.application; includeInIndex = 0; path = ObjectiveSpeechExample.app; sourceTree = BUILT_PRODUCTS_DIR; };
		16786D3821AB318400735DF3 /* AppDelegate.h */ = {isa = PBXFileReference; lastKnownFileType = sourcecode.c.h; path = AppDelegate.h; sourceTree = "<group>"; };
		16786D3921AB318400735DF3 /* AppDelegate.m */ = {isa = PBXFileReference; lastKnownFileType = sourcecode.c.objc; path = AppDelegate.m; sourceTree = "<group>"; };
		16786D3B21AB318400735DF3 /* ViewController.h */ = {isa = PBXFileReference; lastKnownFileType = sourcecode.c.h; path = ViewController.h; sourceTree = "<group>"; };
		16786D3C21AB318400735DF3 /* ViewController.m */ = {isa = PBXFileReference; lastKnownFileType = sourcecode.c.objc; path = ViewController.m; sourceTree = "<group>"; };
		16786D3F21AB318400735DF3 /* Base */ = {isa = PBXFileReference; lastKnownFileType = file.storyboard; name = Base; path = Base.lproj/Main.storyboard; sourceTree = "<group>"; };
		16786D4121AB318500735DF3 /* Assets.xcassets */ = {isa = PBXFileReference; lastKnownFileType = folder.assetcatalog; path = Assets.xcassets; sourceTree = "<group>"; };
		16786D4421AB318500735DF3 /* Base */ = {isa = PBXFileReference; lastKnownFileType = file.storyboard; name = Base; path = Base.lproj/LaunchScreen.storyboard; sourceTree = "<group>"; };
		16786D4621AB318500735DF3 /* Info.plist */ = {isa = PBXFileReference; lastKnownFileType = text.plist.xml; path = Info.plist; sourceTree = "<group>"; };
		16786D4721AB318500735DF3 /* main.m */ = {isa = PBXFileReference; lastKnownFileType = sourcecode.c.objc; path = main.m; sourceTree = "<group>"; };
		16786D4E21AB32D400735DF3 /* ObjectiveSpeechExample-Bridging-Header.h */ = {isa = PBXFileReference; lastKnownFileType = sourcecode.c.h; path = "ObjectiveSpeechExample-Bridging-Header.h"; sourceTree = "<group>"; };
		16786D4F21AB32D500735DF3 /* SpeechRecognitionWithSwift.swift */ = {isa = PBXFileReference; lastKnownFileType = sourcecode.swift; path = SpeechRecognitionWithSwift.swift; sourceTree = "<group>"; };
/* End PBXFileReference section */

/* Begin PBXFrameworksBuildPhase section */
		16786D3221AB318400735DF3 /* Frameworks */ = {
			isa = PBXFrameworksBuildPhase;
			buildActionMask = 2147483647;
			files = (
			);
			runOnlyForDeploymentPostprocessing = 0;
		};
/* End PBXFrameworksBuildPhase section */

/* Begin PBXGroup section */
		16786D2C21AB318400735DF3 = {
			isa = PBXGroup;
			children = (
				16786D3721AB318400735DF3 /* ObjectiveSpeechExample */,
				16786D3621AB318400735DF3 /* Products */,
			);
			sourceTree = "<group>";
		};
		16786D3621AB318400735DF3 /* Products */ = {
			isa = PBXGroup;
			children = (
				16786D3521AB318400735DF3 /* ObjectiveSpeechExample.app */,
			);
			name = Products;
			sourceTree = "<group>";
		};
		16786D3721AB318400735DF3 /* ObjectiveSpeechExample */ = {
			isa = PBXGroup;
			children = (
				16786D3821AB318400735DF3 /* AppDelegate.h */,
				16786D3921AB318400735DF3 /* AppDelegate.m */,
				16786D4F21AB32D500735DF3 /* SpeechRecognitionWithSwift.swift */,
				16786D3B21AB318400735DF3 /* ViewController.h */,
				16786D3C21AB318400735DF3 /* ViewController.m */,
				16786D3E21AB318400735DF3 /* Main.storyboard */,
				16786D4121AB318500735DF3 /* Assets.xcassets */,
				16786D4321AB318500735DF3 /* LaunchScreen.storyboard */,
				16786D4621AB318500735DF3 /* Info.plist */,
				16786D4721AB318500735DF3 /* main.m */,
				16786D4E21AB32D400735DF3 /* ObjectiveSpeechExample-Bridging-Header.h */,
			);
			path = ObjectiveSpeechExample;
			sourceTree = "<group>";
		};
/* End PBXGroup section */

/* Begin PBXNativeTarget section */
		16786D3421AB318400735DF3 /* ObjectiveSpeechExample */ = {
			isa = PBXNativeTarget;
			buildConfigurationList = 16786D4B21AB318500735DF3 /* Build configuration list for PBXNativeTarget "ObjectiveSpeechExample" */;
			buildPhases = (
				16786D3121AB318400735DF3 /* Sources */,
				16786D3221AB318400735DF3 /* Frameworks */,
				16786D3321AB318400735DF3 /* Resources */,
			);
			buildRules = (
			);
			dependencies = (
			);
			name = ObjectiveSpeechExample;
			productName = ObjectiveSpeechExample;
			productReference = 16786D3521AB318400735DF3 /* ObjectiveSpeechExample.app */;
			productType = "com.apple.product-type.application";
		};
/* End PBXNativeTarget section */

/* Begin PBXProject section */
		16786D2D21AB318400735DF3 /* Project object */ = {
			isa = PBXProject;
			attributes = {
				LastUpgradeCheck = 1000;
				ORGANIZATIONNAME = "Eray Alparslan";
				TargetAttributes = {
					16786D3421AB318400735DF3 = {
						CreatedOnToolsVersion = 10.0;
						LastSwiftMigration = 1000;
					};
				};
			};
			buildConfigurationList = 16786D3021AB318400735DF3 /* Build configuration list for PBXProject "ObjectiveSpeechExample" */;
			compatibilityVersion = "Xcode 9.3";
			developmentRegion = en;
			hasScannedForEncodings = 0;
			knownRegions = (
				en,
				Base,
			);
			mainGroup = 16786D2C21AB318400735DF3;
			productRefGroup = 16786D3621AB318400735DF3 /* Products */;
			projectDirPath = "";
			projectRoot = "";
			targets = (
				16786D3421AB318400735DF3 /* ObjectiveSpeechExample */,
			);
		};
/* End PBXProject section */

/* Begin PBXResourcesBuildPhase section */
		16786D3321AB318400735DF3 /* Resources */ = {
			isa = PBXResourcesBuildPhase;
			buildActionMask = 2147483647;
			files = (
				16786D4521AB318500735DF3 /* LaunchScreen.storyboard in Resources */,
				16786D4221AB318500735DF3 /* Assets.xcassets in Resources */,
				16786D4021AB318400735DF3 /* Main.storyboard in Resources */,
			);
			runOnlyForDeploymentPostprocessing = 0;
		};
/* End PBXResourcesBuildPhase section */

/* Begin PBXSourcesBuildPhase section */
		16786D3121AB318400735DF3 /* Sources */ = {
			isa = PBXSourcesBuildPhase;
			buildActionMask = 2147483647;
			files = (
				16786D3D21AB318400735DF3 /* ViewController.m in Sources */,
				16786D4821AB318500735DF3 /* main.m in Sources */,
				16786D5021AB32D500735DF3 /* SpeechRecognitionWithSwift.swift in Sources */,
				16786D3A21AB318400735DF3 /* AppDelegate.m in Sources */,
			);
			runOnlyForDeploymentPostprocessing = 0;
		};
/* End PBXSourcesBuildPhase section */

/* Begin PBXVariantGroup section */
		16786D3E21AB318400735DF3 /* Main.storyboard */ = {
			isa = PBXVariantGroup;
			children = (
				16786D3F21AB318400735DF3 /* Base */,
			);
			name = Main.storyboard;
			sourceTree = "<group>";
		};
		16786D4321AB318500735DF3 /* LaunchScreen.storyboard */ = {
			isa = PBXVariantGroup;
			children = (
				16786D4421AB318500735DF3 /* Base */,
			);
			name = LaunchScreen.storyboard;
			sourceTree = "<group>";
		};
/* End PBXVariantGroup section */

/* Begin XCBuildConfiguration section */
		16786D4921AB318500735DF3 /* Debug */ = {
			isa = XCBuildConfiguration;
			buildSettings = {
				ALWAYS_SEARCH_USER_PATHS = NO;
				CLANG_ANALYZER_NONNULL = YES;
				CLANG_ANALYZER_NUMBER_OBJECT_CONVERSION = YES_AGGRESSIVE;
				CLANG_CXX_LANGUAGE_STANDARD = "gnu++14";
				CLANG_CXX_LIBRARY = "libc++";
				CLANG_ENABLE_MODULES = YES;
				CLANG_ENABLE_OBJC_ARC = YES;
				CLANG_ENABLE_OBJC_WEAK = YES;
				CLANG_WARN_BLOCK_CAPTURE_AUTORELEASING = YES;
				CLANG_WARN_BOOL_CONVERSION = YES;
				CLANG_WARN_COMMA = YES;
				CLANG_WARN_CONSTANT_CONVERSION = YES;
				CLANG_WARN_DEPRECATED_OBJC_IMPLEMENTATIONS = YES;
				CLANG_WARN_DIRECT_OBJC_ISA_USAGE = YES_ERROR;
				CLANG_WARN_DOCUMENTATION_COMMENTS = YES;
				CLANG_WARN_EMPTY_BODY = YES;
				CLANG_WARN_ENUM_CONVERSION = YES;
				CLANG_WARN_INFINITE_RECURSION = YES;
				CLANG_WARN_INT_CONVERSION = YES;
				CLANG_WARN_NON_LITERAL_NULL_CONVERSION = YES;
				CLANG_WARN_OBJC_IMPLICIT_RETAIN_SELF = YES;
				CLANG_WARN_OBJC_LITERAL_CONVERSION = YES;
				CLANG_WARN_OBJC_ROOT_CLASS = YES_ERROR;
				CLANG_WARN_RANGE_LOOP_ANALYSIS = YES;
				CLANG_WARN_STRICT_PROTOTYPES = YES;
				CLANG_WARN_SUSPICIOUS_MOVE = YES;
				CLANG_WARN_UNGUARDED_AVAILABILITY = YES_AGGRESSIVE;
				CLANG_WARN_UNREACHABLE_CODE = YES;
				CLANG_WARN__DUPLICATE_METHOD_MATCH = YES;
				CODE_SIGN_IDENTITY = "iPhone Developer";
				COPY_PHASE_STRIP = NO;
				DEBUG_INFORMATION_FORMAT = dwarf;
				ENABLE_STRICT_OBJC_MSGSEND = YES;
				ENABLE_TESTABILITY = YES;
				GCC_C_LANGUAGE_STANDARD = gnu11;
				GCC_DYNAMIC_NO_PIC = NO;
				GCC_NO_COMMON_BLOCKS = YES;
				GCC_OPTIMIZATION_LEVEL = 0;
				GCC_PREPROCESSOR_DEFINITIONS = (
					"DEBUG=1",
					"$(inherited)",
				);
				GCC_WARN_64_TO_32_BIT_CONVERSION = YES;
				GCC_WARN_ABOUT_RETURN_TYPE = YES_ERROR;
				GCC_WARN_UNDECLARED_SELECTOR = YES;
				GCC_WARN_UNINITIALIZED_AUTOS = YES_AGGRESSIVE;
				GCC_WARN_UNUSED_FUNCTION = YES;
				GCC_WARN_UNUSED_VARIABLE = YES;
				IPHONEOS_DEPLOYMENT_TARGET = 12.0;
				MTL_ENABLE_DEBUG_INFO = INCLUDE_SOURCE;
				MTL_FAST_MATH = YES;
				ONLY_ACTIVE_ARCH = YES;
				SDKROOT = iphoneos;
			};
			name = Debug;
		};
		16786D4A21AB318500735DF3 /* Release */ = {
			isa = XCBuildConfiguration;
			buildSettings = {
				ALWAYS_SEARCH_USER_PATHS = NO;
				CLANG_ANALYZER_NONNULL = YES;
				CLANG_ANALYZER_NUMBER_OBJECT_CONVERSION = YES_AGGRESSIVE;
				CLANG_CXX_LANGUAGE_STANDARD = "gnu++14";
				CLANG_CXX_LIBRARY = "libc++";
				CLANG_ENABLE_MODULES = YES;
				CLANG_ENABLE_OBJC_ARC = YES;
				CLANG_ENABLE_OBJC_WEAK = YES;
				CLANG_WARN_BLOCK_CAPTURE_AUTORELEASING = YES;
				CLANG_WARN_BOOL_CONVERSION = YES;
				CLANG_WARN_COMMA = YES;
				CLANG_WARN_CONSTANT_CONVERSION = YES;
				CLANG_WARN_DEPRECATED_OBJC_IMPLEMENTATIONS = YES;
				CLANG_WARN_DIRECT_OBJC_ISA_USAGE = YES_ERROR;
				CLANG_WARN_DOCUMENTATION_COMMENTS = YES;
				CLANG_WARN_EMPTY_BODY = YES;
				CLANG_WARN_ENUM_CONVERSION = YES;
				CLANG_WARN_INFINITE_RECURSION = YES;
				CLANG_WARN_INT_CONVERSION = YES;
				CLANG_WARN_NON_LITERAL_NULL_CONVERSION = YES;
				CLANG_WARN_OBJC_IMPLICIT_RETAIN_SELF = YES;
				CLANG_WARN_OBJC_LITERAL_CONVERSION = YES;
				CLANG_WARN_OBJC_ROOT_CLASS = YES_ERROR;
				CLANG_WARN_RANGE_LOOP_ANALYSIS = YES;
				CLANG_WARN_STRICT_PROTOTYPES = YES;
				CLANG_WARN_SUSPICIOUS_MOVE = YES;
				CLANG_WARN_UNGUARDED_AVAILABILITY = YES_AGGRESSIVE;
				CLANG_WARN_UNREACHABLE_CODE = YES;
				CLANG_WARN__DUPLICATE_METHOD_MATCH = YES;
				CODE_SIGN_IDENTITY = "iPhone Developer";
				COPY_PHASE_STRIP = NO;
				DEBUG_INFORMATION_FORMAT = "dwarf-with-dsym";
				ENABLE_NS_ASSERTIONS = NO;
				ENABLE_STRICT_OBJC_MSGSEND = YES;
				GCC_C_LANGUAGE_STANDARD = gnu11;
				GCC_NO_COMMON_BLOCKS = YES;
				GCC_WARN_64_TO_32_BIT_CONVERSION = YES;
				GCC_WARN_ABOUT_RETURN_TYPE = YES_ERROR;
				GCC_WARN_UNDECLARED_SELECTOR = YES;
				GCC_WARN_UNINITIALIZED_AUTOS = YES_AGGRESSIVE;
				GCC_WARN_UNUSED_FUNCTION = YES;
				GCC_WARN_UNUSED_VARIABLE = YES;
				IPHONEOS_DEPLOYMENT_TARGET = 12.0;
				MTL_ENABLE_DEBUG_INFO = NO;
				MTL_FAST_MATH = YES;
				SDKROOT = iphoneos;
				VALIDATE_PRODUCT = YES;
			};
			name = Release;
		};
		16786D4C21AB318500735DF3 /* Debug */ = {
			isa = XCBuildConfiguration;
			buildSettings = {
				ALWAYS_EMBED_SWIFT_STANDARD_LIBRARIES = YES;
				ASSETCATALOG_COMPILER_APPICON_NAME = AppIcon;
				CLANG_ENABLE_MODULES = YES;
				CODE_SIGN_STYLE = Automatic;
				DEVELOPMENT_TEAM = XN294VVZ35;
				INFOPLIST_FILE = ObjectiveSpeechExample/Info.plist;
				LD_RUNPATH_SEARCH_PATHS = (
					"$(inherited)",
					"@executable_path/Frameworks",
				);
				PRODUCT_BUNDLE_IDENTIFIER = com.erayalparslan.ObjectiveSpeechExample;
				PRODUCT_NAME = "$(TARGET_NAME)";
				SWIFT_OBJC_BRIDGING_HEADER = "ObjectiveSpeechExample/ObjectiveSpeechExample-Bridging-Header.h";
				SWIFT_OPTIMIZATION_LEVEL = "-Onone";
				SWIFT_VERSION = 4.2;
				TARGETED_DEVICE_FAMILY = "1,2";
			};
			name = Debug;
		};
		16786D4D21AB318500735DF3 /* Release */ = {
			isa = XCBuildConfiguration;
			buildSettings = {
				ALWAYS_EMBED_SWIFT_STANDARD_LIBRARIES = YES;
				ASSETCATALOG_COMPILER_APPICON_NAME = AppIcon;
				CLANG_ENABLE_MODULES = YES;
				CODE_SIGN_STYLE = Automatic;
				DEVELOPMENT_TEAM = XN294VVZ35;
				INFOPLIST_FILE = ObjectiveSpeechExample/Info.plist;
				LD_RUNPATH_SEARCH_PATHS = (
					"$(inherited)",
					"@executable_path/Frameworks",
				);
				PRODUCT_BUNDLE_IDENTIFIER = com.erayalparslan.ObjectiveSpeechExample;
				PRODUCT_NAME = "$(TARGET_NAME)";
				SWIFT_OBJC_BRIDGING_HEADER = "ObjectiveSpeechExample/ObjectiveSpeechExample-Bridging-Header.h";
				SWIFT_VERSION = 4.2;
				TARGETED_DEVICE_FAMILY = "1,2";
			};
			name = Release;
		};
/* End XCBuildConfiguration section */

/* Begin XCConfigurationList section */
		16786D3021AB318400735DF3 /* Build configuration list for PBXProject "ObjectiveSpeechExample" */ = {
			isa = XCConfigurationList;
			buildConfigurations = (
				16786D4921AB318500735DF3 /* Debug */,
				16786D4A21AB318500735DF3 /* Release */,
			);
			defaultConfigurationIsVisible = 0;
			defaultConfigurationName = Release;
		};
		16786D4B21AB318500735DF3 /* Build configuration list for PBXNativeTarget "ObjectiveSpeechExample" */ = {
			isa = XCConfigurationList;
			buildConfigurations = (
				16786D4C21AB318500735DF3 /* Debug */,
				16786D4D21AB318500735DF3 /* Release */,
			);
			defaultConfigurationIsVisible = 0;
			defaultConfigurationName = Release;
		};
/* End XCConfigurationList section */
	};
	rootObject = 16786D2D21AB318400735DF3 /* Project object */;
}
